
Microsoft Visual Studio Solution File, Format Version 11.00
# Visual Studio 2010
Project("{FAE04EC0-301F-11D3-BF4B-00C04F79EFBC}") = "Assembly-CSharp", "Assembly-CSharp.csproj", "{3D6EFCF3-9AF4-19F8-8FCC-C03E07CCA731}"
EndProject
Project("{FAE04EC0-301F-11D3-BF4B-00C04F79EFBC}") = "Assembly-CSharp-Editor", "Assembly-CSharp-Editor.csproj", "{9C3B5D40-A8D1-EBC9-2322-759F3B1E921D}"
EndProject
Global
	GlobalSection(SolutionConfigurationPlatforms) = preSolution
		Debug|Any CPU = Debug|Any CPU
		Release|Any CPU = Release|Any CPU
	EndGlobalSection
	GlobalSection(ProjectConfigurationPlatforms) = postSolution
		{3D6EFCF3-9AF4-19F8-8FCC-C03E07CCA731}.Debug|Any CPU.ActiveCfg = Debug|Any CPU
		{3D6EFCF3-9AF4-19F8-8FCC-C03E07CCA731}.Debug|Any CPU.Build.0 = Debug|Any CPU
		{3D6EFCF3-9AF4-19F8-8FCC-C03E07CCA731}.Release|Any CPU.ActiveCfg = Release|Any CPU
		{3D6EFCF3-9AF4-19F8-8FCC-C03E07CCA731}.Release|Any CPU.Build.0 = Release|Any CPU
		{9C3B5D40-A8D1-EBC9-2322-759F3B1E921D}.Debug|Any CPU.ActiveCfg = Debug|Any CPU
		{9C3B5D40-A8D1-EBC9-2322-759F3B1E921D}.Debug|Any CPU.Build.0 = Debug|Any CPU
		{9C3B5D40-A8D1-EBC9-2322-759F3B1E921D}.Release|Any CPU.ActiveCfg = Release|Any CPU
		{9C3B5D40-A8D1-EBC9-2322-759F3B1E921D}.Release|Any CPU.Build.0 = Release|Any CPU
	EndGlobalSection
	GlobalSection(SolutionProperties) = preSolution
		HideSolutionNode = FALSE
	EndGlobalSection
	GlobalSection(MonoDevelopProperties) = preSolution
		StartupItem = Assembly-CSharp.csproj
	EndGlobalSection
EndGlobal
